Microsoft Visual Studio Solution File, Format Version 12.00
# Visual Studio Version 17
VisualStudioVersion = 17.5.2.0
MinimumVisualStudioVersion = 10.0.40219.1
Project("{FAE04EC0-301F-11D3-BF4B-00C04F79EFBC}") = "DITest", "DITest.csproj", "{8076E6E9-ED4F-7D36-E116-954B2F859ED3}"
EndProject
Global
	GlobalSection(SolutionConfigurationPlatforms) = preSolution
		Debug|Any CPU = Debug|Any CPU
		Release|Any CPU = Release|Any CPU
	EndGlobalSection
	GlobalSection(ProjectConfigurationPlatforms) = postSolution
		{8076E6E9-ED4F-7D36-E116-954B2F859ED3}.Debug|Any CPU.ActiveCfg = Debug|Any CPU
		{8076E6E9-ED4F-7D36-E116-954B2F859ED3}.Debug|Any CPU.Build.0 = Debug|Any CPU
		{8076E6E9-ED4F-7D36-E116-954B2F859ED3}.Release|Any CPU.ActiveCfg = Release|Any CPU
		{8076E6E9-ED4F-7D36-E116-954B2F859ED3}.Release|Any CPU.Build.0 = Release|Any CPU
	EndGlobalSection
	GlobalSection(SolutionProperties) = preSolution
		HideSolutionNode = FALSE
	EndGlobalSection
	GlobalSection(ExtensibilityGlobals) = postSolution
		SolutionGuid = {F23D2A2E-2ADB-424C-93C3-3D29B39C1ABC}
	EndGlobalSection
EndGlobal
